
Microsoft Visual Studio Solution File, Format Version 12.00
# Visual Studio Version 16
VisualStudioVersion = 16.0.31729.503
MinimumVisualStudioVersion = 10.0.40219.1
Project("{FAE04EC0-301F-11D3-BF4B-00C04F79EFBC}") = "SportacusTest", "SportacusTest.csproj", "{F79305D4-C481-4C47-8E15-33916364A1C9}"
EndProject
Global
	GlobalSection(SolutionConfigurationPlatforms) = preSolution
		Debug|Any CPU = Debug|Any CPU
		Release|Any CPU = Release|Any CPU
	EndGlobalSection
	GlobalSection(ProjectConfigurationPlatforms) = postSolution
		{F79305D4-C481-4C47-8E15-33916364A1C9}.Debug|Any CPU.ActiveCfg = Debug|Any CPU
		{F79305D4-C481-4C47-8E15-33916364A1C9}.Debug|Any CPU.Build.0 = Debug|Any CPU
		{F79305D4-C481-4C47-8E15-33916364A1C9}.Release|Any CPU.ActiveCfg = Release|Any CPU
		{F79305D4-C481-4C47-8E15-33916364A1C9}.Release|Any CPU.Build.0 = Release|Any CPU
	EndGlobalSection
	GlobalSection(SolutionProperties) = preSolution
		HideSolutionNode = FALSE
	EndGlobalSection
	GlobalSection(ExtensibilityGlobals) = postSolution
		SolutionGuid = {9332158E-86A0-4367-9F8A-74719B0E7501}
	EndGlobalSection
EndGlobal
